
Microsoft Visual Studio Solution File, Format Version 12.00
# Visual Studio 15
Project("{FAE04EC0-301F-11D3-BF4B-00C04F79EFBC}") = "CrimeAnalyzer", "CrimeAnalyzer.csproj", "{E10B8D90-88F8-4E50-AF66-0C2BAC876646}"
EndProject
Global
	GlobalSection(SolutionConfigurationPlatforms) = preSolution
		Debug|Any CPU = Debug|Any CPU
		Release|Any CPU = Release|Any CPU
	EndGlobalSection
	GlobalSection(ProjectConfigurationPlatforms) = postSolution
		{E10B8D90-88F8-4E50-AF66-0C2BAC876646}.Debug|Any CPU.ActiveCfg = Debug|Any CPU
		{E10B8D90-88F8-4E50-AF66-0C2BAC876646}.Debug|Any CPU.Build.0 = Debug|Any CPU
		{E10B8D90-88F8-4E50-AF66-0C2BAC876646}.Release|Any CPU.ActiveCfg = Release|Any CPU
		{E10B8D90-88F8-4E50-AF66-0C2BAC876646}.Release|Any CPU.Build.0 = Release|Any CPU
	EndGlobalSection
EndGlobal
